// !$*UTF8*$!
{
	archiveVersion = 1;
	classes = {
	};
	objectVersion = 48;
	objects = {

/* Begin PBXBuildFile section */
		FE6EAF551F7960A200AD16DF /* AppDelegate.m in Sources */ = {isa = PBXBuildFile; fileRef = FE6EAF541F7960A200AD16DF /* AppDelegate.m */; };
		FE6EAF5B1F7960A200AD16DF /* Main.storyboard in Resources */ = {isa = PBXBuildFile; fileRef = FE6EAF591F7960A200AD16DF /* Main.storyboard */; };
		FE6EAF5D1F7960A200AD16DF /* Assets.xcassets in Resources */ = {isa = PBXBuildFile; fileRef = FE6EAF5C1F7960A200AD16DF /* Assets.xcassets */; };
		FE6EAF601F7960A200AD16DF /* LaunchScreen.storyboard in Resources */ = {isa = PBXBuildFile; fileRef = FE6EAF5E1F7960A200AD16DF /* LaunchScreen.storyboard */; };
		FE6EAF631F7960A200AD16DF /* main.m in Sources */ = {isa = PBXBuildFile; fileRef = FE6EAF621F7960A200AD16DF /* main.m */; };
		FE6EAF6D1F79628100AD16DF /* UIView+RSShake.m in Sources */ = {isa = PBXBuildFile; fileRef = FE6EAF6C1F79628100AD16DF /* UIView+RSShake.m */; };
		FE6EAF711F7965D700AD16DF /* ShakeViewController.m in Sources */ = {isa = PBXBuildFile; fileRef = FE6EAF701F7965D700AD16DF /* ShakeViewController.m */; };
		FE6EAF781F79670B00AD16DF /* UIColor+RSRandom.m in Sources */ = {isa = PBXBuildFile; fileRef = FE6EAF771F79670B00AD16DF /* UIColor+RSRandom.m */; };
		FE6EAF7B1F7967B100AD16DF /* RandomViewController.m in Sources */ = {isa = PBXBuildFile; fileRef = FE6EAF7A1F7967B100AD16DF /* RandomViewController.m */; };
/* End PBXBuildFile section */

/* Begin PBXFileReference section */
		FE6EAF501F7960A200AD16DF /* Util.app */ = {isa = PBXFileReference; explicitFileType = wrapper.application; includeInIndex = 0; path = Util.app; sourceTree = BUILT_PRODUCTS_DIR; };
		FE6EAF531F7960A200AD16DF /* AppDelegate.h */ = {isa = PBXFileReference; lastKnownFileType = sourcecode.c.h; path = AppDelegate.h; sourceTree = "<group>"; };
		FE6EAF541F7960A200AD16DF /* AppDelegate.m */ = {isa = PBXFileReference; lastKnownFileType = sourcecode.c.objc; path = AppDelegate.m; sourceTree = "<group>"; };
		FE6EAF5A1F7960A200AD16DF /* Base */ = {isa = PBXFileReference; lastKnownFileType = file.storyboard; name = Base; path = Base.lproj/Main.storyboard; sourceTree = "<group>"; };
		FE6EAF5C1F7960A200AD16DF /* Assets.xcassets */ = {isa = PBXFileReference; lastKnownFileType = folder.assetcatalog; path = Assets.xcassets; sourceTree = "<group>"; };
		FE6EAF5F1F7960A200AD16DF /* Base */ = {isa = PBXFileReference; lastKnownFileType = file.storyboard; name = Base; path = Base.lproj/LaunchScreen.storyboard; sourceTree = "<group>"; };
		FE6EAF611F7960A200AD16DF /* Info.plist */ = {isa = PBXFileReference; lastKnownFileType = text.plist.xml; path = Info.plist; sourceTree = "<group>"; };
		FE6EAF621F7960A200AD16DF /* main.m */ = {isa = PBXFileReference; lastKnownFileType = sourcecode.c.objc; path = main.m; sourceTree = "<group>"; };
		FE6EAF6B1F79628100AD16DF /* UIView+RSShake.h */ = {isa = PBXFileReference; lastKnownFileType = sourcecode.c.h; path = "UIView+RSShake.h"; sourceTree = "<group>"; };
		FE6EAF6C1F79628100AD16DF /* UIView+RSShake.m */ = {isa = PBXFileReference; lastKnownFileType = sourcecode.c.objc; path = "UIView+RSShake.m"; sourceTree = "<group>"; };
		FE6EAF6F1F7965D700AD16DF /* ShakeViewController.h */ = {isa = PBXFileReference; lastKnownFileType = sourcecode.c.h; path = ShakeViewController.h; sourceTree = "<group>"; };
		FE6EAF701F7965D700AD16DF /* ShakeViewController.m */ = {isa = PBXFileReference; lastKnownFileType = sourcecode.c.objc; path = ShakeViewController.m; sourceTree = "<group>"; };
		FE6EAF761F79670B00AD16DF /* UIColor+RSRandom.h */ = {isa = PBXFileReference; lastKnownFileType = sourcecode.c.h; path = "UIColor+RSRandom.h"; sourceTree = "<group>"; };
		FE6EAF771F79670B00AD16DF /* UIColor+RSRandom.m */ = {isa = PBXFileReference; lastKnownFileType = sourcecode.c.objc; path = "UIColor+RSRandom.m"; sourceTree = "<group>"; };
		FE6EAF791F7967B100AD16DF /* RandomViewController.h */ = {isa = PBXFileReference; lastKnownFileType = sourcecode.c.h; path = RandomViewController.h; sourceTree = "<group>"; };
		FE6EAF7A1F7967B100AD16DF /* RandomViewController.m */ = {isa = PBXFileReference; lastKnownFileType = sourcecode.c.objc; path = RandomViewController.m; sourceTree = "<group>"; };
/* End PBXFileReference section */

/* Begin PBXFrameworksBuildPhase section */
		FE6EAF4D1F7960A200AD16DF /* Frameworks */ = {
			isa = PBXFrameworksBuildPhase;
			buildActionMask = 2147483647;
			files = (
			);
			runOnlyForDeploymentPostprocessing = 0;
		};
/* End PBXFrameworksBuildPhase section */

/* Begin PBXGroup section */
		FE6EAF471F7960A200AD16DF = {
			isa = PBXGroup;
			children = (
				FE6EAF521F7960A200AD16DF /* Util */,
				FE6EAF511F7960A200AD16DF /* Products */,
			);
			sourceTree = "<group>";
		};
		FE6EAF511F7960A200AD16DF /* Products */ = {
			isa = PBXGroup;
			children = (
				FE6EAF501F7960A200AD16DF /* Util.app */,
			);
			name = Products;
			sourceTree = "<group>";
		};
		FE6EAF521F7960A200AD16DF /* Util */ = {
			isa = PBXGroup;
			children = (
				FE6EAF691F79615600AD16DF /* Categories */,
				FE6EAF6E1F79653800AD16DF /* Examples */,
				FE6EAF611F7960A200AD16DF /* Info.plist */,
				FE6EAF621F7960A200AD16DF /* main.m */,
			);
			path = Util;
			sourceTree = "<group>";
		};
		FE6EAF691F79615600AD16DF /* Categories */ = {
			isa = PBXGroup;
			children = (
				FE6EAF721F7966CB00AD16DF /* UIColor */,
				FE6EAF6A1F79622500AD16DF /* UIView */,
			);
			path = Categories;
			sourceTree = "<group>";
		};
		FE6EAF6A1F79622500AD16DF /* UIView */ = {
			isa = PBXGroup;
			children = (
				FE6EAF6B1F79628100AD16DF /* UIView+RSShake.h */,
				FE6EAF6C1F79628100AD16DF /* UIView+RSShake.m */,
			);
			path = UIView;
			sourceTree = "<group>";
		};
		FE6EAF6E1F79653800AD16DF /* Examples */ = {
			isa = PBXGroup;
			children = (
				FE6EAF531F7960A200AD16DF /* AppDelegate.h */,
				FE6EAF541F7960A200AD16DF /* AppDelegate.m */,
				FE6EAF6F1F7965D700AD16DF /* ShakeViewController.h */,
				FE6EAF701F7965D700AD16DF /* ShakeViewController.m */,
				FE6EAF791F7967B100AD16DF /* RandomViewController.h */,
				FE6EAF7A1F7967B100AD16DF /* RandomViewController.m */,
				FE6EAF591F7960A200AD16DF /* Main.storyboard */,
				FE6EAF5C1F7960A200AD16DF /* Assets.xcassets */,
				FE6EAF5E1F7960A200AD16DF /* LaunchScreen.storyboard */,
			);
			path = Examples;
			sourceTree = "<group>";
		};
		FE6EAF721F7966CB00AD16DF /* UIColor */ = {
			isa = PBXGroup;
			children = (
				FE6EAF761F79670B00AD16DF /* UIColor+RSRandom.h */,
				FE6EAF771F79670B00AD16DF /* UIColor+RSRandom.m */,
			);
			path = UIColor;
			sourceTree = "<group>";
		};
/* End PBXGroup section */

/* Begin PBXNativeTarget section */
		FE6EAF4F1F7960A200AD16DF /* Util */ = {
			isa = PBXNativeTarget;
			buildConfigurationList = FE6EAF661F7960A200AD16DF /* Build configuration list for PBXNativeTarget "Util" */;
			buildPhases = (
				FE6EAF4C1F7960A200AD16DF /* Sources */,
				FE6EAF4D1F7960A200AD16DF /* Frameworks */,
				FE6EAF4E1F7960A200AD16DF /* Resources */,
			);
			buildRules = (
			);
			dependencies = (
			);
			name = Util;
			productName = Util;
			productReference = FE6EAF501F7960A200AD16DF /* Util.app */;
			productType = "com.apple.product-type.application";
		};
/* End PBXNativeTarget section */

/* Begin PBXProject section */
		FE6EAF481F7960A200AD16DF /* Project object */ = {
			isa = PBXProject;
			attributes = {
				LastUpgradeCheck = 0900;
				ORGANIZATIONNAME = "Rodrigo Soldi";
				TargetAttributes = {
					FE6EAF4F1F7960A200AD16DF = {
						CreatedOnToolsVersion = 9.0;
						ProvisioningStyle = Automatic;
					};
				};
			};
			buildConfigurationList = FE6EAF4B1F7960A200AD16DF /* Build configuration list for PBXProject "Util" */;
			compatibilityVersion = "Xcode 8.0";
			developmentRegion = en;
			hasScannedForEncodings = 0;
			knownRegions = (
				en,
				Base,
			);
			mainGroup = FE6EAF471F7960A200AD16DF;
			productRefGroup = FE6EAF511F7960A200AD16DF /* Products */;
			projectDirPath = "";
			projectRoot = "";
			targets = (
				FE6EAF4F1F7960A200AD16DF /* Util */,
			);
		};
/* End PBXProject section */

/* Begin PBXResourcesBuildPhase section */
		FE6EAF4E1F7960A200AD16DF /* Resources */ = {
			isa = PBXResourcesBuildPhase;
			buildActionMask = 2147483647;
			files = (
				FE6EAF601F7960A200AD16DF /* LaunchScreen.storyboard in Resources */,
				FE6EAF5D1F7960A200AD16DF /* Assets.xcassets in Resources */,
				FE6EAF5B1F7960A200AD16DF /* Main.storyboard in Resources */,
			);
			runOnlyForDeploymentPostprocessing = 0;
		};
/* End PBXResourcesBuildPhase section */

/* Begin PBXSourcesBuildPhase section */
		FE6EAF4C1F7960A200AD16DF /* Sources */ = {
			isa = PBXSourcesBuildPhase;
			buildActionMask = 2147483647;
			files = (
				FE6EAF781F79670B00AD16DF /* UIColor+RSRandom.m in Sources */,
				FE6EAF7B1F7967B100AD16DF /* RandomViewController.m in Sources */,
				FE6EAF711F7965D700AD16DF /* ShakeViewController.m in Sources */,
				FE6EAF6D1F79628100AD16DF /* UIView+RSShake.m in Sources */,
				FE6EAF631F7960A200AD16DF /* main.m in Sources */,
				FE6EAF551F7960A200AD16DF /* AppDelegate.m in Sources */,
			);
			runOnlyForDeploymentPostprocessing = 0;
		};
/* End PBXSourcesBuildPhase section */

/* Begin PBXVariantGroup section */
		FE6EAF591F7960A200AD16DF /* Main.storyboard */ = {
			isa = PBXVariantGroup;
			children = (
				FE6EAF5A1F7960A200AD16DF /* Base */,
			);
			name = Main.storyboard;
			sourceTree = "<group>";
		};
		FE6EAF5E1F7960A200AD16DF /* LaunchScreen.storyboard */ = {
			isa = PBXVariantGroup;
			children = (
				FE6EAF5F1F7960A200AD16DF /* Base */,
			);
			name = LaunchScreen.storyboard;
			sourceTree = "<group>";
		};
/* End PBXVariantGroup section */

/* Begin XCBuildConfiguration section */
		FE6EAF641F7960A200AD16DF /* Debug */ = {
			isa = XCBuildConfiguration;
			buildSettings = {
				ALWAYS_SEARCH_USER_PATHS = NO;
				CLANG_ANALYZER_NONNULL = YES;
				CLANG_ANALYZER_NUMBER_OBJECT_CONVERSION = YES_AGGRESSIVE;
				CLANG_CXX_LANGUAGE_STANDARD = "gnu++14";
				CLANG_CXX_LIBRARY = "libc++";
				CLANG_ENABLE_MODULES = YES;
				CLANG_ENABLE_OBJC_ARC = YES;
				CLANG_WARN_BLOCK_CAPTURE_AUTORELEASING = YES;
				CLANG_WARN_BOOL_CONVERSION = YES;
				CLANG_WARN_COMMA = YES;
				CLANG_WARN_CONSTANT_CONVERSION = YES;
				CLANG_WARN_DIRECT_OBJC_ISA_USAGE = YES_ERROR;
				CLANG_WARN_DOCUMENTATION_COMMENTS = YES;
				CLANG_WARN_EMPTY_BODY = YES;
				CLANG_WARN_ENUM_CONVERSION = YES;
				CLANG_WARN_INFINITE_RECURSION = YES;
				CLANG_WARN_INT_CONVERSION = YES;
				CLANG_WARN_NON_LITERAL_NULL_CONVERSION = YES;
				CLANG_WARN_OBJC_LITERAL_CONVERSION = YES;
				CLANG_WARN_OBJC_ROOT_CLASS = YES_ERROR;
				CLANG_WARN_RANGE_LOOP_ANALYSIS = YES;
				CLANG_WARN_STRICT_PROTOTYPES = YES;
				CLANG_WARN_SUSPICIOUS_MOVE = YES;
				CLANG_WARN_UNGUARDED_AVAILABILITY = YES_AGGRESSIVE;
				CLANG_WARN_UNREACHABLE_CODE = YES;
				CLANG_WARN__DUPLICATE_METHOD_MATCH = YES;
				CODE_SIGN_IDENTITY = "iPhone Developer";
				COPY_PHASE_STRIP = NO;
				DEBUG_INFORMATION_FORMAT = dwarf;
				ENABLE_STRICT_OBJC_MSGSEND = YES;
				ENABLE_TESTABILITY = YES;
				GCC_C_LANGUAGE_STANDARD = gnu11;
				GCC_DYNAMIC_NO_PIC = NO;
				GCC_NO_COMMON_BLOCKS = YES;
				GCC_OPTIMIZATION_LEVEL = 0;
				GCC_PREPROCESSOR_DEFINITIONS = (
					"DEBUG=1",
					"$(inherited)",
				);
				GCC_WARN_64_TO_32_BIT_CONVERSION = YES;
				GCC_WARN_ABOUT_RETURN_TYPE = YES_ERROR;
				GCC_WARN_UNDECLARED_SELECTOR = YES;
				GCC_WARN_UNINITIALIZED_AUTOS = YES_AGGRESSIVE;
				GCC_WARN_UNUSED_FUNCTION = YES;
				GCC_WARN_UNUSED_VARIABLE = YES;
				IPHONEOS_DEPLOYMENT_TARGET = 11.0;
				MTL_ENABLE_DEBUG_INFO = YES;
				ONLY_ACTIVE_ARCH = YES;
				SDKROOT = iphoneos;
			};
			name = Debug;
		};
		FE6EAF651F7960A200AD16DF /* Release */ = {
			isa = XCBuildConfiguration;
			buildSettings = {
				ALWAYS_SEARCH_USER_PATHS = NO;
				CLANG_ANALYZER_NONNULL = YES;
				CLANG_ANALYZER_NUMBER_OBJECT_CONVERSION = YES_AGGRESSIVE;
				CLANG_CXX_LANGUAGE_STANDARD = "gnu++14";
				CLANG_CXX_LIBRARY = "libc++";
				CLANG_ENABLE_MODULES = YES;
				CLANG_ENABLE_OBJC_ARC = YES;
				CLANG_WARN_BLOCK_CAPTURE_AUTORELEASING = YES;
				CLANG_WARN_BOOL_CONVERSION = YES;
				CLANG_WARN_COMMA = YES;
				CLANG_WARN_CONSTANT_CONVERSION = YES;
				CLANG_WARN_DIRECT_OBJC_ISA_USAGE = YES_ERROR;
				CLANG_WARN_DOCUMENTATION_COMMENTS = YES;
				CLANG_WARN_EMPTY_BODY = YES;
				CLANG_WARN_ENUM_CONVERSION = YES;
				CLANG_WARN_INFINITE_RECURSION = YES;
				CLANG_WARN_INT_CONVERSION = YES;
				CLANG_WARN_NON_LITERAL_NULL_CONVERSION = YES;
				CLANG_WARN_OBJC_LITERAL_CONVERSION = YES;
				CLANG_WARN_OBJC_ROOT_CLASS = YES_ERROR;
				CLANG_WARN_RANGE_LOOP_ANALYSIS = YES;
				CLANG_WARN_STRICT_PROTOTYPES = YES;
				CLANG_WARN_SUSPICIOUS_MOVE = YES;
				CLANG_WARN_UNGUARDED_AVAILABILITY = YES_AGGRESSIVE;
				CLANG_WARN_UNREACHABLE_CODE = YES;
				CLANG_WARN__DUPLICATE_METHOD_MATCH = YES;
				CODE_SIGN_IDENTITY = "iPhone Developer";
				COPY_PHASE_STRIP = NO;
				DEBUG_INFORMATION_FORMAT = "dwarf-with-dsym";
				ENABLE_NS_ASSERTIONS = NO;
				ENABLE_STRICT_OBJC_MSGSEND = YES;
				GCC_C_LANGUAGE_STANDARD = gnu11;
				GCC_NO_COMMON_BLOCKS = YES;
				GCC_WARN_64_TO_32_BIT_CONVERSION = YES;
				GCC_WARN_ABOUT_RETURN_TYPE = YES_ERROR;
				GCC_WARN_UNDECLARED_SELECTOR = YES;
				GCC_WARN_UNINITIALIZED_AUTOS = YES_AGGRESSIVE;
				GCC_WARN_UNUSED_FUNCTION = YES;
				GCC_WARN_UNUSED_VARIABLE = YES;
				IPHONEOS_DEPLOYMENT_TARGET = 11.0;
				MTL_ENABLE_DEBUG_INFO = NO;
				SDKROOT = iphoneos;
				VALIDATE_PRODUCT = YES;
			};
			name = Release;
		};
		FE6EAF671F7960A200AD16DF /* Debug */ = {
			isa = XCBuildConfiguration;
			buildSettings = {
				ASSETCATALOG_COMPILER_APPICON_NAME = AppIcon;
				CODE_SIGN_STYLE = Automatic;
				INFOPLIST_FILE = Util/Info.plist;
				IPHONEOS_DEPLOYMENT_TARGET = 9.3;
				LD_RUNPATH_SEARCH_PATHS = "$(inherited) @executable_path/Frameworks";
				PRODUCT_BUNDLE_IDENTIFIER = com.rodrigosoldi.Util;
				PRODUCT_NAME = "$(TARGET_NAME)";
				TARGETED_DEVICE_FAMILY = "1,2";
			};
			name = Debug;
		};
		FE6EAF681F7960A200AD16DF /* Release */ = {
			isa = XCBuildConfiguration;
			buildSettings = {
				ASSETCATALOG_COMPILER_APPICON_NAME = AppIcon;
				CODE_SIGN_STYLE = Automatic;
				INFOPLIST_FILE = Util/Info.plist;
				IPHONEOS_DEPLOYMENT_TARGET = 9.3;
				LD_RUNPATH_SEARCH_PATHS = "$(inherited) @executable_path/Frameworks";
				PRODUCT_BUNDLE_IDENTIFIER = com.rodrigosoldi.Util;
				PRODUCT_NAME = "$(TARGET_NAME)";
				TARGETED_DEVICE_FAMILY = "1,2";
			};
			name = Release;
		};
/* End XCBuildConfiguration section */

/* Begin XCConfigurationList section */
		FE6EAF4B1F7960A200AD16DF /* Build configuration list for PBXProject "Util" */ = {
			isa = XCConfigurationList;
			buildConfigurations = (
				FE6EAF641F7960A200AD16DF /* Debug */,
				FE6EAF651F7960A200AD16DF /* Release */,
			);
			defaultConfigurationIsVisible = 0;
			defaultConfigurationName = Release;
		};
		FE6EAF661F7960A200AD16DF /* Build configuration list for PBXNativeTarget "Util" */ = {
			isa = XCConfigurationList;
			buildConfigurations = (
				FE6EAF671F7960A200AD16DF /* Debug */,
				FE6EAF681F7960A200AD16DF /* Release */,
			);
			defaultConfigurationIsVisible = 0;
			defaultConfigurationName = Release;
		};
/* End XCConfigurationList section */
	};
	rootObject = FE6EAF481F7960A200AD16DF /* Project object */;
}
